{
  "nodes": {
    "nixpkgs": {
      "locked": {
        "lastModified": 1606309800,
        "narHash": "sha256-tqWetEc8h4EChS+ddrpJSnLbZ6cX4RfdsTa2XivElI0=",
        "owner": "NixOS",
        "repo": "nixpkgs",
        "rev": "9518fac712ca001009bd12a3c94621f1ee805657",
        "type": "github"
      },
      "original": {
        "owner": "NixOS",
        "ref": "nixos-20.03",
        "repo": "nixpkgs",
        "type": "github"
      }
    },
    "root": {
      "inputs": {
        "nixpkgs": "nixpkgs"
      }
    }
  },
  "root": "root",
  "version": 7
}
